{
  "version": 4,
  "terraform_version": "1.9.5",
  "serial": 3,
  "lineage": "99388e0e-a009-abc2-fa1e-15e5dbe5c1b8",
  "outputs": {},
  "resources": [
    {
      "mode": "data",
      "type": "spotify_search_track",
      "name": "davido",
      "provider": "provider[\"registry.terraform.io/conradludgate/spotify\"]",
      "instances": [
        {
          "schema_version": 0,
          "attributes": {
            "album": null,
            "artist": "Davido",
            "explicit": true,
            "id": "1736795937",
            "limit": 10,
            "name": null,
            "tracks": [
              {
                "album": "5xU7RFIfd0tCDXt3iu0NET",
                "artists": [
                  "0Y3agQaa6g2r0YmHPOO9rh",
                  "3LOm0AZjpwVQebvkyanjDy",
                  "6zK1M4TcabpLQMNmmG2P0Q"
                ],
                "id": "7LZkMeX1k8PXQJ0SVYn1A5",
                "name": "Funds (feat. ODUMODUBLVCK \u0026 Chike)"
              },
              {
                "album": "6lI21W76LD0S3vC55GrfSS",
                "artists": [
                  "0Y3agQaa6g2r0YmHPOO9rh"
                ],
                "id": "1mk8ZC9OeTZMr8Wy31LqRj",
                "name": "FEEL"
              },
              {
                "album": "6lI21W76LD0S3vC55GrfSS",
                "artists": [
                  "0Y3agQaa6g2r0YmHPOO9rh",
                  "4wAqlYtTaaHELEgyCh9KjG"
                ],
                "id": "7vKXc90NT5WBm3UTT4iTVG",
                "name": "KANTE (feat. Fave)"
              },
              {
                "album": "6t9A9CaPsaknVT4WgCPuXL",
                "artists": [
                  "0Y3agQaa6g2r0YmHPOO9rh",
                  "0n4Fao9kbjgM76RmVlfSwr"
                ],
                "id": "6e0YUaVAfDxUabmybOjguy",
                "name": "Awuke"
              },
              {
                "album": "6lI21W76LD0S3vC55GrfSS",
                "artists": [
                  "0Y3agQaa6g2r0YmHPOO9rh",
                  "414pDI8Y502owCbg7U6Skf"
                ],
                "id": "2kaH2Z8ezDUKf6fNw250rZ",
                "name": "UNAVAILABLE (feat. Musa Keys)"
              },
              {
                "album": "6hgf2eJZJ86AOTdJjZ2a1K",
                "artists": [
                  "4QSTyDpxsKmv3UfavVUImR",
                  "0Y3agQaa6g2r0YmHPOO9rh",
                  "1fctva4kpRbg2k3v7kwRuS"
                ],
                "id": "13HwOA5rfBYsrWEj4fW4wy",
                "name": "Right Now"
              },
              {
                "album": "0tL8CzbfmF5poGm9puqALR",
                "artists": [
                  "7bXgB6jMjp9ATFy66eO08Z",
                  "0Y3agQaa6g2r0YmHPOO9rh",
                  "3ONGmday8YN8AkbsRk01iL"
                ],
                "id": "44G2gUVQvNNZ6w3i05tR4n",
                "name": "Sensational (feat. Davido \u0026 Lojay)"
              },
              {
                "album": "1kCHru7uhxBUdzkm4gzRQc",
                "artists": [
                  "4aXXDj9aZnlshx7mzj3W1N",
                  "3cR4rhS2hBWqI7rJEBacvN",
                  "3twuAojvYNrlWZpMkxLm3P",
                  "6G3sPhnj4JBCsBVBGvZnkk",
                  "660YptcR0hNHJ8iEr1qcse"
                ],
                "id": "6dr7ekfhlbquvsVY8D7gyk",
                "name": "Aaron Burr, Sir"
              },
              {
                "album": "1kCHru7uhxBUdzkm4gzRQc",
                "artists": [
                  "3cR4rhS2hBWqI7rJEBacvN",
                  "3twuAojvYNrlWZpMkxLm3P",
                  "6G3sPhnj4JBCsBVBGvZnkk",
                  "4aXXDj9aZnlshx7mzj3W1N",
                  "2OEGI2wrCVmvavKEOMlccy",
                  "6sLwRSXSUF5JTUnQaFenyj",
                  "3UUJfRbrA2nTbcg4i0MOwu",
                  "660YptcR0hNHJ8iEr1qcse"
                ],
                "id": "4TTV7EcfroSLWzXRY6gLv6",
                "name": "Alexander Hamilton"
              },
              {
                "album": "1kCHru7uhxBUdzkm4gzRQc",
                "artists": [
                  "4aXXDj9aZnlshx7mzj3W1N",
                  "3twuAojvYNrlWZpMkxLm3P",
                  "6G3sPhnj4JBCsBVBGvZnkk",
                  "3cR4rhS2hBWqI7rJEBacvN",
                  "3UUJfRbrA2nTbcg4i0MOwu",
                  "660YptcR0hNHJ8iEr1qcse"
                ],
                "id": "4cxvludVmQxryrnx1m9FqL",
                "name": "My Shot"
              }
            ],
            "year": null
          },
          "sensitive_attributes": []
        }
      ]
    },
    {
      "mode": "managed",
      "type": "spotify_playlist",
      "name": "Naija",
      "provider": "provider[\"registry.terraform.io/conradludgate/spotify\"]",
      "instances": [
        {
          "schema_version": 0,
          "attributes": {
            "description": "",
            "id": "01jD0TW0HxRMKofZS8jT4N",
            "name": "Naija",
            "public": true,
            "snapshot_id": "AAAAAu6kEVYWbz4MSGrtYEcFwuHnVCbq",
            "tracks": [
              "3bmGw3ziK3NcjAweMG7zMn"
            ]
          },
          "sensitive_attributes": [],
          "private": "bnVsbA=="
        }
      ]
    },
    {
      "mode": "managed",
      "type": "spotify_playlist",
      "name": "OBO",
      "provider": "provider[\"registry.terraform.io/conradludgate/spotify\"]",
      "instances": [
        {
          "schema_version": 0,
          "attributes": {
            "description": null,
            "id": "2JTgFATEkgzAr1QHRn0jUJ",
            "name": "OBO",
            "public": true,
            "snapshot_id": "AAAAApjqCz0Mt2H9E6Y53GYK0PhCJxBe",
            "tracks": [
              "7LZkMeX1k8PXQJ0SVYn1A5",
              "1mk8ZC9OeTZMr8Wy31LqRj",
              "7vKXc90NT5WBm3UTT4iTVG"
            ]
          },
          "sensitive_attributes": [],
          "private": "bnVsbA==",
          "dependencies": [
            "data.spotify_search_track.davido"
          ]
        }
      ]
    }
  ],
  "check_results": null
}
