{
  "version": 4,
  "terraform_version": "1.9.5",
  "serial": 1,
  "lineage": "99388e0e-a009-abc2-fa1e-15e5dbe5c1b8",
  "outputs": {},
  "resources": [
    {
      "mode": "managed",
      "type": "spotify_playlist",
      "name": "Naija",
      "provider": "provider[\"registry.terraform.io/conradludgate/spotify\"]",
      "instances": [
        {
          "schema_version": 0,
          "attributes": {
            "description": null,
            "id": "01jD0TW0HxRMKofZS8jT4N",
            "name": "Naija",
            "public": true,
            "snapshot_id": "AAAAAu6kEVYWbz4MSGrtYEcFwuHnVCbq",
            "tracks": [
              "3bmGw3ziK3NcjAweMG7zMn"
            ]
          },
          "sensitive_attributes": [],
          "private": "bnVsbA=="
        }
      ]
    }
  ],
  "check_results": null
}
